
Microsoft Visual Studio Solution File, Format Version 12.00
# Visual Studio Version 17
VisualStudioVersion = 17.4.33213.308
MinimumVisualStudioVersion = 10.0.40219.1
Project("{FAE04EC0-301F-11D3-BF4B-00C04F79EFBC}") = "EvaluacionEstrucAvanzada", "EvaluacionEstrucAvanzada\EvaluacionEstrucAvanzada.csproj", "{A3953C12-02AB-49B2-BA64-CE1D9F6F1303}"
EndProject
Global
	GlobalSection(SolutionConfigurationPlatforms) = preSolution
		Debug|Any CPU = Debug|Any CPU
		Release|Any CPU = Release|Any CPU
	EndGlobalSection
	GlobalSection(ProjectConfigurationPlatforms) = postSolution
		{A3953C12-02AB-49B2-BA64-CE1D9F6F1303}.Debug|Any CPU.ActiveCfg = Debug|Any CPU
		{A3953C12-02AB-49B2-BA64-CE1D9F6F1303}.Debug|Any CPU.Build.0 = Debug|Any CPU
		{A3953C12-02AB-49B2-BA64-CE1D9F6F1303}.Release|Any CPU.ActiveCfg = Release|Any CPU
		{A3953C12-02AB-49B2-BA64-CE1D9F6F1303}.Release|Any CPU.Build.0 = Release|Any CPU
	EndGlobalSection
	GlobalSection(SolutionProperties) = preSolution
		HideSolutionNode = FALSE
	EndGlobalSection
	GlobalSection(ExtensibilityGlobals) = postSolution
		SolutionGuid = {1D0C6A9A-9C19-4560-A98E-560076B2EC3B}
	EndGlobalSection
EndGlobal
